
Microsoft Visual Studio Solution File, Format Version 12.00
# Visual Studio Version 17
VisualStudioVersion = 17.14.36616.10 d17.14
MinimumVisualStudioVersion = 10.0.40219.1
Project("{8BC9CEB8-8B4A-11D0-8D11-00A0C91BC942}") = "Project", "Project\Project.vcxproj", "{E5537AB5-47E5-438C-A36B-D81A6A3B6ECB}"
EndProject
Global
	GlobalSection(SolutionConfigurationPlatforms) = preSolution
		Debug|x64 = Debug|x64
		Debug|x86 = Debug|x86
		Release|x64 = Release|x64
		Release|x86 = Release|x86
	EndGlobalSection
	GlobalSection(ProjectConfigurationPlatforms) = postSolution
		{E5537AB5-47E5-438C-A36B-D81A6A3B6ECB}.Debug|x64.ActiveCfg = Debug|x64
		{E5537AB5-47E5-438C-A36B-D81A6A3B6ECB}.Debug|x64.Build.0 = Debug|x64
		{E5537AB5-47E5-438C-A36B-D81A6A3B6ECB}.Debug|x86.ActiveCfg = Debug|Win32
		{E5537AB5-47E5-438C-A36B-D81A6A3B6ECB}.Debug|x86.Build.0 = Debug|Win32
		{E5537AB5-47E5-438C-A36B-D81A6A3B6ECB}.Release|x64.ActiveCfg = Release|x64
		{E5537AB5-47E5-438C-A36B-D81A6A3B6ECB}.Release|x64.Build.0 = Release|x64
		{E5537AB5-47E5-438C-A36B-D81A6A3B6ECB}.Release|x86.ActiveCfg = Release|Win32
		{E5537AB5-47E5-438C-A36B-D81A6A3B6ECB}.Release|x86.Build.0 = Release|Win32
	EndGlobalSection
	GlobalSection(SolutionProperties) = preSolution
		HideSolutionNode = FALSE
	EndGlobalSection
	GlobalSection(ExtensibilityGlobals) = postSolution
		SolutionGuid = {8F1A5F67-4A35-4B61-BF71-A9A9AD2FE803}
	EndGlobalSection
EndGlobal
